
Microsoft Visual Studio Solution File, Format Version 12.00
# Visual Studio Version 17
VisualStudioVersion = 17.0.31903.59
MinimumVisualStudioVersion = 10.0.40219.1
Project("{FAE04EC0-301F-11D3-BF4B-00C04F79EFBC}") = "Tonestro.Maui.FirebaseSlim.iOS", "Tonestro.Maui.FirebaseSlim.iOS\Tonestro.Maui.FirebaseSlim.iOS.csproj", "{B0262C74-47FB-4FDB-A983-B5B16360DB47}"
EndProject
Project("{FAE04EC0-301F-11D3-BF4B-00C04F79EFBC}") = "Tonestro.Maui.FirebaseSlim.iOS.UsageChecker", "Tonestro.Maui.FirebaseSlim.iOS.UsageChecker\Tonestro.Maui.FirebaseSlim.iOS.UsageChecker.csproj", "{B96194E9-F8A4-4328-9041-1291D7EC58F9}"
EndProject
Global
	GlobalSection(SolutionConfigurationPlatforms) = preSolution
		Debug|Any CPU = Debug|Any CPU
		Release|Any CPU = Release|Any CPU
	EndGlobalSection
	GlobalSection(SolutionProperties) = preSolution
		HideSolutionNode = FALSE
	EndGlobalSection
	GlobalSection(ProjectConfigurationPlatforms) = postSolution
		{B0262C74-47FB-4FDB-A983-B5B16360DB47}.Debug|Any CPU.ActiveCfg = Debug|Any CPU
		{B0262C74-47FB-4FDB-A983-B5B16360DB47}.Debug|Any CPU.Build.0 = Debug|Any CPU
		{B0262C74-47FB-4FDB-A983-B5B16360DB47}.Release|Any CPU.ActiveCfg = Release|Any CPU
		{B0262C74-47FB-4FDB-A983-B5B16360DB47}.Release|Any CPU.Build.0 = Release|Any CPU
		{B96194E9-F8A4-4328-9041-1291D7EC58F9}.Debug|Any CPU.ActiveCfg = Debug|Any CPU
		{B96194E9-F8A4-4328-9041-1291D7EC58F9}.Debug|Any CPU.Build.0 = Debug|Any CPU
		{B96194E9-F8A4-4328-9041-1291D7EC58F9}.Release|Any CPU.ActiveCfg = Release|Any CPU
		{B96194E9-F8A4-4328-9041-1291D7EC58F9}.Release|Any CPU.Build.0 = Release|Any CPU
	EndGlobalSection
EndGlobal
